# THIS IS AN AUTOGENERATED FILE. DO NOT EDIT THIS FILE DIRECTLY.
# yarn lockfile v1


"@types/faker@^5.1.0":
  version "5.1.0"
  resolved "https://registry.yarnpkg.com/@types/faker/-/faker-5.1.0.tgz#72ba5762e0ac00c52c79e08a482962908c4959ff"
  integrity sha512-7iK+rNvtSmG3FcAgI67BphmQVzBPkI6SCjJqR/SXxGr6tDUoMovkhGYIxNICEfy/trTgiGQL2v1tKPuFEXIrQg==

"@types/google.maps@^3.46.0":
  version "3.46.0"
  resolved "https://registry.yarnpkg.com/@types/google.maps/-/google.maps-3.46.0.tgz#32061ffb918879517a96950855c132d909fbc5b5"
  integrity sha512-TvrN/+XkDSblCrkx9bJXSrYOrDeUgiPl1ec215vv4mYBuvU3YOAq0XVB32dV6r7ySctqJO1M7aEgVJsJZOgrmQ==

axios@^0.21.2:
  version "0.21.2"
  resolved "https://registry.yarnpkg.com/axios/-/axios-0.21.2.tgz#21297d5084b2aeeb422f5d38e7be4fbb82239017"
  integrity sha512-87otirqUw3e8CzHTMO+/9kh/FSgXt/eVDvipijwDtEuwbkySWZ9SBm6VEubmJ/kLKEoLQV/POhxXFb66bfekfg==
  dependencies:
    follow-redirects "^1.14.0"

faker@^5.1.0:
  version "5.1.0"
  resolved "https://registry.yarnpkg.com/faker/-/faker-5.1.0.tgz#e10fa1dec4502551aee0eb771617a7e7b94692e8"
  integrity sha512-RrWKFSSA/aNLP0g3o2WW1Zez7/MnMr7xkiZmoCfAGZmdkDQZ6l2KtuXHN5XjdvpRjDl8+3vf+Rrtl06Z352+Mw==

follow-redirects@^1.14.0:
  version "1.14.5"
  resolved "https://registry.yarnpkg.com/follow-redirects/-/follow-redirects-1.14.5.tgz#f09a5848981d3c772b5392309778523f8d85c381"
  integrity sha512-wtphSXy7d4/OR+MvIFbCVBDzZ5520qV8XfPklSN5QtxuMUJZ+b0Wnst1e1lCDocfzuCkHqj8k0FpZqO+UIaKNA==

typescript@^4.4.4:
  version "4.4.4"
  resolved "https://registry.yarnpkg.com/typescript/-/typescript-4.4.4.tgz#2cd01a1a1f160704d3101fd5a58ff0f9fcb8030c"
  integrity sha512-DqGhF5IKoBl8WNf8C1gu8q0xZSInh9j1kJJMqT3a94w1JzVaBU4EXOSMrz9yDqMT0xt3selp83fuFMQ0uzv6qA==
